# This file is autogenerated, do not edit; changes may be undone by the next 'dep ensure'.


[[projects]]
  name = "github.com/Sirupsen/logrus"
  packages = ["."]
  revision = "d682213848ed68c0a260ca37d6dd5ace8423f5ba"
  version = "v1.0.4"

[[projects]]
  branch = "master"
  name = "golang.org/x/crypto"
  packages = ["ssh/terminal"]
  revision = "94eea52f7b742c7cbe0b03b22f0c4c8631ece122"

[[projects]]
  branch = "master"
  name = "golang.org/x/sys"
  packages = ["unix","windows"]
  revision = "b8f5ef32195cae6470b728e8ca677f0dbed1a004"

[solve-meta]
  analyzer-name = "dep"
  analyzer-version = 1
  inputs-digest = "7e575412688149f7c6b36571e7ed0f5bbe338bfbfe7fbfe0ce949009e50cd2e5"
  solver-name = "gps-cdcl"
  solver-version = 1
